# THIS IS AN AUTOGENERATED FILE. DO NOT EDIT THIS FILE DIRECTLY.
# yarn lockfile v1


skyutil@^0.0.4:
  version "0.0.4"
  resolved "https://registry.yarnpkg.com/skyutil/-/skyutil-0.0.4.tgz#f40448e0721143b4d2b513b2fdd35b73010890ac"
  integrity sha512-k9az+T34R/LoYhDrsfkgcmYQmYbSiiV7Of1QLngkuBZIE6pxaSFdCoz9YoFgt/swwEbW+UnhsVtBic+uPXnS7A==
